{
  "originHash" : "fb565c6a0aaa08008f6402f33ad349787e932bbad64c2e38369eb1e7ae6fb78f",
  "pins" : [
    {
      "identity" : "okta-mobile-swift",
      "kind" : "remoteSourceControl",
      "location" : "https://github.com/okta/okta-mobile-swift.git",
      "state" : {
        "revision" : "57dc83be135719ac5c71602a233475c672e782c4",
        "version" : "2.1.0"
      }
    }
  ],
  "version" : 3
}
